Microsoft Visual Studio Solution File, Format Version 12.00
# Visual Studio 2012
Project("{FAE04EC0-301F-11D3-BF4B-00C04F79EFBC}") = "Spacegame", "Spacegame.csproj", "{15445D13-8E66-4613-B596-8560BFE85869}"
EndProject
Global
	GlobalSection(SolutionConfigurationPlatforms) = preSolution
	Debug|Any CPU = Debug|Any CPU
	Release|Any CPU = Release|Any CPU
	Tools|Any CPU = Tools|Any CPU
	EndGlobalSection
	GlobalSection(ProjectConfigurationPlatforms) = postSolution
		{15445D13-8E66-4613-B596-8560BFE85869}.Debug|Any CPU.ActiveCfg = Debug|Any CPU
		{15445D13-8E66-4613-B596-8560BFE85869}.Debug|Any CPU.Build.0 = Debug|Any CPU
		{15445D13-8E66-4613-B596-8560BFE85869}.Release|Any CPU.ActiveCfg = Release|Any CPU
		{15445D13-8E66-4613-B596-8560BFE85869}.Release|Any CPU.Build.0 = Release|Any CPU
		{15445D13-8E66-4613-B596-8560BFE85869}.Tools|Any CPU.ActiveCfg = Tools|Any CPU
		{15445D13-8E66-4613-B596-8560BFE85869}.Tools|Any CPU.Build.0 = Tools|Any CPU
	EndGlobalSection
EndGlobal
